{
  "nodes": {
    "gotha-nixpkgs": {
      "inputs": {
        "nixpkgs": "nixpkgs"
      },
      "locked": {
        "lastModified": 1771394122,
        "narHash": "sha256-Z8gca9rOPaYchx7uR7g4iWKh8FOQ7+ZRSsR9O/Ilri8=",
        "owner": "gotha",
        "repo": "nixpkgs",
        "rev": "2292ed482b47e3b600d69da97123b697c49bd5fb",
        "type": "github"
      },
      "original": {
        "owner": "gotha",
        "repo": "nixpkgs",
        "type": "github"
      }
    },
    "nixpkgs": {
      "locked": {
        "lastModified": 1762193579,
        "narHash": "sha256-JYU1yRI4QSDDybCHaVeRGyxLdDQJf2nsYrh8+6LQvgk=",
        "owner": "NixOS",
        "repo": "nixpkgs",
        "rev": "7aeb722dae56de97ee1246e22c88880ca2606238",
        "type": "github"
      },
      "original": {
        "owner": "NixOS",
        "repo": "nixpkgs",
        "type": "github"
      }
    },
    "nixpkgs_2": {
      "locked": {
        "lastModified": 1770770419,
        "narHash": "sha256-iKZMkr6Cm9JzWlRYW/VPoL0A9jVKtZYiU4zSrVeetIs=",
        "owner": "NixOS",
        "repo": "nixpkgs",
        "rev": "6c5e707c6b5339359a9a9e215c5e66d6d802fd7a",
        "type": "github"
      },
      "original": {
        "owner": "NixOS",
        "ref": "nixos-25.11",
        "repo": "nixpkgs",
        "type": "github"
      }
    },
    "root": {
      "inputs": {
        "gotha-nixpkgs": "gotha-nixpkgs",
        "nixpkgs": "nixpkgs_2"
      }
    }
  },
  "root": "root",
  "version": 7
}
