{
  "nodes": {
    "agentbox": {
      "inputs": {
        "gotha-nixpkgs": "gotha-nixpkgs",
        "nixpkgs": "nixpkgs_2"
      },
      "locked": {
        "lastModified": 1771791014,
        "narHash": "sha256-GgEpdZPC0fNHvB3zu1czOGeJu6n8s/aWqTXst+l3ORM=",
        "owner": "gotha",
        "repo": "agentbox",
        "rev": "02f866cac155ec892ea404890d18bf9085a7efbf",
        "type": "github"
      },
      "original": {
        "owner": "gotha",
        "repo": "agentbox",
        "type": "github"
      }
    },
    "dotfiles": {
      "flake": false,
      "locked": {
        "lastModified": 1771842392,
        "narHash": "sha256-HohHfKCvIngV6MW0ZCTjUg3MPioHvTYXDEgW2l53Cs8=",
        "owner": "gotha",
        "repo": "dotfiles",
        "rev": "5764ae232b755ff82de53bb58b255b521dfd1f65",
        "type": "github"
      },
      "original": {
        "owner": "gotha",
        "repo": "dotfiles",
        "type": "github"
      }
    },
    "gotha-nixpkgs": {
      "inputs": {
        "nixpkgs": "nixpkgs"
      },
      "locked": {
        "lastModified": 1771394122,
        "narHash": "sha256-Z8gca9rOPaYchx7uR7g4iWKh8FOQ7+ZRSsR9O/Ilri8=",
        "owner": "gotha",
        "repo": "nixpkgs",
        "rev": "2292ed482b47e3b600d69da97123b697c49bd5fb",
        "type": "github"
      },
      "original": {
        "owner": "gotha",
        "repo": "nixpkgs",
        "type": "github"
      }
    },
    "home-manager": {
      "inputs": {
        "nixpkgs": [
          "nixpkgs"
        ]
      },
      "locked": {
        "lastModified": 1771851181,
        "narHash": "sha256-gFgE6mGUftwseV3DUENMb0k0EiHd739lZexPo5O/sdQ=",
        "owner": "nix-community",
        "repo": "home-manager",
        "rev": "9a4b494b1aa1b93d8edf167f46dc8e0c0011280c",
        "type": "github"
      },
      "original": {
        "owner": "nix-community",
        "repo": "home-manager",
        "type": "github"
      }
    },
    "nixpkgs": {
      "locked": {
        "lastModified": 1762193579,
        "narHash": "sha256-JYU1yRI4QSDDybCHaVeRGyxLdDQJf2nsYrh8+6LQvgk=",
        "owner": "NixOS",
        "repo": "nixpkgs",
        "rev": "7aeb722dae56de97ee1246e22c88880ca2606238",
        "type": "github"
      },
      "original": {
        "owner": "NixOS",
        "repo": "nixpkgs",
        "type": "github"
      }
    },
    "nixpkgs_2": {
      "locked": {
        "lastModified": 1770770419,
        "narHash": "sha256-iKZMkr6Cm9JzWlRYW/VPoL0A9jVKtZYiU4zSrVeetIs=",
        "owner": "NixOS",
        "repo": "nixpkgs",
        "rev": "6c5e707c6b5339359a9a9e215c5e66d6d802fd7a",
        "type": "github"
      },
      "original": {
        "owner": "NixOS",
        "ref": "nixos-25.11",
        "repo": "nixpkgs",
        "type": "github"
      }
    },
    "nixpkgs_3": {
      "locked": {
        "lastModified": 1771714954,
        "narHash": "sha256-nhZJPnBavtu40/L2aqpljrfUNb2rxmWTmSjK2c9UKds=",
        "owner": "NixOS",
        "repo": "nixpkgs",
        "rev": "afbbf774e2087c3d734266c22f96fca2e78d3620",
        "type": "github"
      },
      "original": {
        "owner": "NixOS",
        "ref": "nixos-25.11",
        "repo": "nixpkgs",
        "type": "github"
      }
    },
    "root": {
      "inputs": {
        "agentbox": "agentbox",
        "dotfiles": "dotfiles",
        "home-manager": "home-manager",
        "nixpkgs": "nixpkgs_3"
      }
    }
  },
  "root": "root",
  "version": 7
}
